
Microsoft Visual Studio Solution File, Format Version 12.00
# Visual Studio Version 16
VisualStudioVersion = 16.0.29905.134
MinimumVisualStudioVersion = 10.0.40219.1
Project("{8BC9CEB8-8B4A-11D0-8D11-00A0C91BC942}") = "CastleVania", "CastleVania\CastleVania.vcxproj", "{0DD8FB5E-350D-4154-971D-0CBEB7CA647A}"
EndProject
Global
	GlobalSection(SolutionConfigurationPlatforms) = preSolution
		Debug|x64 = Debug|x64
		Debug|x86 = Debug|x86
		Release|x64 = Release|x64
		Release|x86 = Release|x86
	EndGlobalSection
	GlobalSection(ProjectConfigurationPlatforms) = postSolution
		{0DD8FB5E-350D-4154-971D-0CBEB7CA647A}.Debug|x64.ActiveCfg = Debug|x64
		{0DD8FB5E-350D-4154-971D-0CBEB7CA647A}.Debug|x64.Build.0 = Debug|x64
		{0DD8FB5E-350D-4154-971D-0CBEB7CA647A}.Debug|x86.ActiveCfg = Debug|Win32
		{0DD8FB5E-350D-4154-971D-0CBEB7CA647A}.Debug|x86.Build.0 = Debug|Win32
		{0DD8FB5E-350D-4154-971D-0CBEB7CA647A}.Release|x64.ActiveCfg = Release|x64
		{0DD8FB5E-350D-4154-971D-0CBEB7CA647A}.Release|x64.Build.0 = Release|x64
		{0DD8FB5E-350D-4154-971D-0CBEB7CA647A}.Release|x86.ActiveCfg = Release|Win32
		{0DD8FB5E-350D-4154-971D-0CBEB7CA647A}.Release|x86.Build.0 = Release|Win32
	EndGlobalSection
	GlobalSection(SolutionProperties) = preSolution
		HideSolutionNode = FALSE
	EndGlobalSection
	GlobalSection(ExtensibilityGlobals) = postSolution
		SolutionGuid = {510A0AD4-9439-4DD2-8185-DC7902118391}
	EndGlobalSection
EndGlobal
