<?xml version="1.0" encoding="utf-8"?>
<Project ToolsVersion="4.0" xmlns="http://schemas.microsoft.com/developer/msbuild/2003">
  <ItemGroup>
    <Filter Include="Source Files">
      <UniqueIdentifier>{4FC737F1-C7A5-4376-A066-2A32D752A2FF}</UniqueIdentifier>
      <Extensions>cpp;c;cc;cxx;def;odl;idl;hpj;bat;asm;asmx</Extensions>
    </Filter>
    <Filter Include="Header Files">
      <UniqueIdentifier>{93995380-89BD-4b04-88EB-625FBE52EBFB}</UniqueIdentifier>
      <Extensions>h;hh;hpp;hxx;hm;inl;inc;ipp;xsd</Extensions>
    </Filter>
    <Filter Include="Resource Files">
      <UniqueIdentifier>{67DA6AB6-F800-4c08-8B7A-83BB121AAD01}</UniqueIdentifier>
      <Extensions>rc;ico;cur;bmp;dlg;rc2;rct;bin;rgs;gif;jpg;jpeg;jpe;resx;tiff;tif;png;wav;mfcribbon-ms</Extensions>
    </Filter>
    <Filter Include="Objects">
      <UniqueIdentifier>{da7a4e09-ed4c-4b30-b927-44e3da05a600}</UniqueIdentifier>
    </Filter>
    <Filter Include="Objects\Emenys">
      <UniqueIdentifier>{fdc78abb-96d1-4ed2-ab1b-6a5ff23a4906}</UniqueIdentifier>
    </Filter>
    <Filter Include="Objects\Statics">
      <UniqueIdentifier>{0e5f8b5b-a3e6-4d26-9da7-8be484a83fb2}</UniqueIdentifier>
    </Filter>
    <Filter Include="Scenes">
      <UniqueIdentifier>{243972ac-d5c5-49e9-9c90-cf7b5b32e19e}</UniqueIdentifier>
    </Filter>
  </ItemGroup>
  <ItemGroup>
    <ClInclude Include="Textures.h">
      <Filter>Header Files</Filter>
    </ClInclude>
    <ClInclude Include="debug.h">
      <Filter>Header Files</Filter>
    </ClInclude>
    <ClInclude Include="Game.h">
      <Filter>Header Files</Filter>
    </ClInclude>
    <ClInclude Include="GameObject.h">
      <Filter>Header Files</Filter>
    </ClInclude>
    <ClInclude Include="Sprites.h">
      <Filter>Header Files</Filter>
    </ClInclude>
    <ClInclude Include="Define.h">
      <Filter>Header Files</Filter>
    </ClInclude>
    <ClInclude Include="TileMap.h">
      <Filter>Header Files</Filter>
    </ClInclude>
    <ClInclude Include="Animations.h">
      <Filter>Header Files</Filter>
    </ClInclude>
    <ClInclude Include="KeyEventHandler.h">
      <Filter>Header Files</Filter>
    </ClInclude>
    <ClInclude Include="Scene.h">
      <Filter>Header Files</Filter>
    </ClInclude>
    <ClInclude Include="Simon.h">
      <Filter>Objects</Filter>
    </ClInclude>
    <ClInclude Include="Bat.h">
      <Filter>Objects\Emenys</Filter>
    </ClInclude>
    <ClInclude Include="Zombie.h">
      <Filter>Objects\Emenys</Filter>
    </ClInclude>
    <ClInclude Include="Knight.h">
      <Filter>Objects\Emenys</Filter>
    </ClInclude>
    <ClInclude Include="Boss.h">
      <Filter>Objects\Emenys</Filter>
    </ClInclude>
    <ClInclude Include="Ghost.h">
      <Filter>Objects\Emenys</Filter>
    </ClInclude>
    <ClInclude Include="Raven.h">
      <Filter>Objects\Emenys</Filter>
    </ClInclude>
    <ClInclude Include="Skeleton.h">
      <Filter>Objects\Emenys</Filter>
    </ClInclude>
    <ClInclude Include="HunchBack.h">
      <Filter>Objects\Emenys</Filter>
    </ClInclude>
    <ClInclude Include="Grid.h">
      <Filter>Header Files</Filter>
    </ClInclude>
    <ClInclude Include="Bone.h">
      <Filter>Objects\Emenys</Filter>
    </ClInclude>
    <ClInclude Include="BreakWall.h">
      <Filter>Objects\Statics</Filter>
    </ClInclude>
    <ClInclude Include="Ground.h">
      <Filter>Objects\Statics</Filter>
    </ClInclude>
    <ClInclude Include="Portal.h">
      <Filter>Objects\Statics</Filter>
    </ClInclude>
    <ClInclude Include="Stair.h">
      <Filter>Objects\Statics</Filter>
    </ClInclude>
    <ClInclude Include="Torch.h">
      <Filter>Objects\Statics</Filter>
    </ClInclude>
    <ClInclude Include="Enemy.h">
      <Filter>Objects\Emenys</Filter>
    </ClInclude>
    <ClInclude Include="PieceWall.h">
      <Filter>Objects\Statics</Filter>
    </ClInclude>
    <ClInclude Include="Display.h">
      <Filter>Objects</Filter>
    </ClInclude>
    <ClInclude Include="Whip.h">
      <Filter>Objects</Filter>
    </ClInclude>
    <ClInclude Include="Weapon.h">
      <Filter>Objects</Filter>
    </ClInclude>
    <ClInclude Include="Items.h">
      <Filter>Objects</Filter>
    </ClInclude>
    <ClInclude Include="BlockMove.h">
      <Filter>Objects</Filter>
    </ClInclude>
    <ClInclude Include="PlayScene.h">
      <Filter>Scenes</Filter>
    </ClInclude>
    <ClInclude Include="BatIntro.h">
      <Filter>Scenes</Filter>
    </ClInclude>
    <ClInclude Include="IntroScene.h">
      <Filter>Scenes</Filter>
    </ClInclude>
    <ClInclude Include="Cloud.h">
      <Filter>Scenes</Filter>
    </ClInclude>
    <ClInclude Include="TitleScene.h">
      <Filter>Scenes</Filter>
    </ClInclude>
    <ClInclude Include="OverGame.h">
      <Filter>Scenes</Filter>
    </ClInclude>
    <ClInclude Include="AreaDead.h">
      <Filter>Objects\Statics</Filter>
    </ClInclude>
  </ItemGroup>
  <ItemGroup>
    <ClCompile Include="Bat.cpp">
      <Filter>Objects\Emenys</Filter>
    </ClCompile>
    <ClCompile Include="Bone.cpp">
      <Filter>Objects\Emenys</Filter>
    </ClCompile>
    <ClCompile Include="Boss.cpp">
      <Filter>Objects\Emenys</Filter>
    </ClCompile>
    <ClCompile Include="Enemy.cpp">
      <Filter>Objects\Emenys</Filter>
    </ClCompile>
    <ClCompile Include="Ghost.cpp">
      <Filter>Objects\Emenys</Filter>
    </ClCompile>
    <ClCompile Include="HunchBack.cpp">
      <Filter>Objects\Emenys</Filter>
    </ClCompile>
    <ClCompile Include="Knight.cpp">
      <Filter>Objects\Emenys</Filter>
    </ClCompile>
    <ClCompile Include="Raven.cpp">
      <Filter>Objects\Emenys</Filter>
    </ClCompile>
    <ClCompile Include="Skeleton.cpp">
      <Filter>Objects\Emenys</Filter>
    </ClCompile>
    <ClCompile Include="Zombie.cpp">
      <Filter>Objects\Emenys</Filter>
    </ClCompile>
    <ClCompile Include="BatIntro.cpp">
      <Filter>Scenes</Filter>
    </ClCompile>
    <ClCompile Include="Cloud.cpp">
      <Filter>Scenes</Filter>
    </ClCompile>
    <ClCompile Include="IntroScene.cpp">
      <Filter>Scenes</Filter>
    </ClCompile>
    <ClCompile Include="OverGame.cpp">
      <Filter>Scenes</Filter>
    </ClCompile>
    <ClCompile Include="PlayScene.cpp">
      <Filter>Scenes</Filter>
    </ClCompile>
    <ClCompile Include="TitleScene.cpp">
      <Filter>Scenes</Filter>
    </ClCompile>
    <ClCompile Include="BreakWall.cpp">
      <Filter>Objects\Statics</Filter>
    </ClCompile>
    <ClCompile Include="Ground.cpp">
      <Filter>Objects\Statics</Filter>
    </ClCompile>
    <ClCompile Include="PieceWall.cpp">
      <Filter>Objects\Statics</Filter>
    </ClCompile>
    <ClCompile Include="Portal.cpp">
      <Filter>Objects\Statics</Filter>
    </ClCompile>
    <ClCompile Include="Stair.cpp">
      <Filter>Objects\Statics</Filter>
    </ClCompile>
    <ClCompile Include="Torch.cpp">
      <Filter>Objects\Statics</Filter>
    </ClCompile>
    <ClCompile Include="BlockMove.cpp">
      <Filter>Objects</Filter>
    </ClCompile>
    <ClCompile Include="Display.cpp">
      <Filter>Objects</Filter>
    </ClCompile>
    <ClCompile Include="Items.cpp">
      <Filter>Objects</Filter>
    </ClCompile>
    <ClCompile Include="Simon.cpp">
      <Filter>Objects</Filter>
    </ClCompile>
    <ClCompile Include="Weapon.cpp">
      <Filter>Objects</Filter>
    </ClCompile>
    <ClCompile Include="Whip.cpp">
      <Filter>Objects</Filter>
    </ClCompile>
    <ClCompile Include="Animations.cpp">
      <Filter>Source Files</Filter>
    </ClCompile>
    <ClCompile Include="debug.cpp">
      <Filter>Source Files</Filter>
    </ClCompile>
    <ClCompile Include="Game.cpp">
      <Filter>Source Files</Filter>
    </ClCompile>
    <ClCompile Include="GameObject.cpp">
      <Filter>Source Files</Filter>
    </ClCompile>
    <ClCompile Include="Grid.cpp">
      <Filter>Source Files</Filter>
    </ClCompile>
    <ClCompile Include="KeyEventHandler.cpp">
      <Filter>Source Files</Filter>
    </ClCompile>
    <ClCompile Include="main.cpp">
      <Filter>Source Files</Filter>
    </ClCompile>
    <ClCompile Include="Scene.cpp">
      <Filter>Source Files</Filter>
    </ClCompile>
    <ClCompile Include="Sprites.cpp">
      <Filter>Source Files</Filter>
    </ClCompile>
    <ClCompile Include="Textures.cpp">
      <Filter>Source Files</Filter>
    </ClCompile>
    <ClCompile Include="TileMap.cpp">
      <Filter>Source Files</Filter>
    </ClCompile>
    <ClCompile Include="AreaDead.cpp">
      <Filter>Objects\Statics</Filter>
    </ClCompile>
  </ItemGroup>
</Project>